
Microsoft Visual Studio Solution File, Format Version 12.00
# Visual Studio 15
VisualStudioVersion = 15.0.28010.2026
MinimumVisualStudioVersion = 10.0.40219.1
Project("{9A19103F-16F7-4668-BE54-9A1E7A4F7556}") = "IISClientCertAuthProject", "IISClientCertAuthProject\IISClientCertAuthProject.csproj", "{A62AF42F-4332-479E-9369-722C40E48F10}"
EndProject
Global
	GlobalSection(SolutionConfigurationPlatforms) = preSolution
		Debug|Any CPU = Debug|Any CPU
		Release|Any CPU = Release|Any CPU
	EndGlobalSection
	GlobalSection(ProjectConfigurationPlatforms) = postSolution
		{A62AF42F-4332-479E-9369-722C40E48F10}.Debug|Any CPU.ActiveCfg = Debug|Any CPU
		{A62AF42F-4332-479E-9369-722C40E48F10}.Debug|Any CPU.Build.0 = Debug|Any CPU
		{A62AF42F-4332-479E-9369-722C40E48F10}.Release|Any CPU.ActiveCfg = Release|Any CPU
		{A62AF42F-4332-479E-9369-722C40E48F10}.Release|Any CPU.Build.0 = Release|Any CPU
	EndGlobalSection
	GlobalSection(SolutionProperties) = preSolution
		HideSolutionNode = FALSE
	EndGlobalSection
	GlobalSection(ExtensibilityGlobals) = postSolution
		SolutionGuid = {1E33760A-22BC-43DA-B0F2-16127D846A66}
	EndGlobalSection
EndGlobal
